schema: '2.0'
stages:
  download_data:
    cmd: uv run python -m common.data.download_data
    deps:
    - path: common/data/download_data.py
      hash: md5
      md5: 19eaf2c56b9646349559731e386ab827
      size: 2150
    - path: common/utils/paths.py
      hash: md5
      md5: 297604fcaa084cbed70ba1e08c1a42eb
      size: 1637
    outs:
    - path: data/raw/
      hash: md5
      md5: 7a5dd7dd0e8cb18a912c5e37ae281547.dir
      size: 131546316
      nfiles: 16
  make_dataset:
    cmd: mkdir -p data/processed && uv run python -m common.data.make_dataset
    deps:
    - path: common/data/make_dataset.py
      hash: md5
      md5: 373667133922f2ff1292640471d9e195
      size: 4115
    - path: common/utils/paths.py
      hash: md5
      md5: 297604fcaa084cbed70ba1e08c1a42eb
      size: 1637
    - path: data/raw/
      hash: md5
      md5: 7a5dd7dd0e8cb18a912c5e37ae281547.dir
      size: 131546316
      nfiles: 16
    outs:
    - path: data/processed/
      hash: md5
      md5: eecc99868d50e1fb16922e672ad15a17.dir
      size: 145439762
      nfiles: 4
  train:
    cmd: uv run python -m services.training.train
    deps:
    - path: common/utils/mlflow.py
      hash: md5
      md5: 04ba3e19bc0467d34f93359ecc600fab
      size: 7680
    - path: common/utils/paths.py
      hash: md5
      md5: 297604fcaa084cbed70ba1e08c1a42eb
      size: 1637
    - path: data/processed/
      hash: md5
      md5: eecc99868d50e1fb16922e672ad15a17.dir
      size: 145439762
      nfiles: 4
    - path: services/training/train.py
      hash: md5
      md5: 3c01138a54279c2c3674e794cd41eac4
      size: 1680
    outs:
    - path: artifacts/metrics/
      hash: md5
      md5: 454576f6b7695f1e255f8c20fe876d8c.dir
      size: 2465
      nfiles: 17
    - path: artifacts/models/
      hash: md5
      md5: 33ef7b09133be1460f3f56175dbc6ff4.dir
      size: 12399209295
      nfiles: 51
    - path: artifacts/reports/
      hash: md5
      md5: fc9b11aa61913ee93b7dc91dd76c6b4c.dir
      size: 5477886
      nfiles: 70
